
Microsoft Visual Studio Solution File, Format Version 12.00
# Visual Studio Version 17
VisualStudioVersion = 17.6.33829.357
MinimumVisualStudioVersion = 10.0.40219.1
Project("{FAE04EC0-301F-11D3-BF4B-00C04F79EFBC}") = "Employee", "Employee\Employee.csproj", "{AFF798DA-1766-4975-80A2-ACF2365A8EC1}"
EndProject
Global
	GlobalSection(SolutionConfigurationPlatforms) = preSolution
		Debug|Any CPU = Debug|Any CPU
		Release|Any CPU = Release|Any CPU
	EndGlobalSection
	GlobalSection(ProjectConfigurationPlatforms) = postSolution
		{AFF798DA-1766-4975-80A2-ACF2365A8EC1}.Debug|Any CPU.ActiveCfg = Debug|Any CPU
		{AFF798DA-1766-4975-80A2-ACF2365A8EC1}.Debug|Any CPU.Build.0 = Debug|Any CPU
		{AFF798DA-1766-4975-80A2-ACF2365A8EC1}.Release|Any CPU.ActiveCfg = Release|Any CPU
		{AFF798DA-1766-4975-80A2-ACF2365A8EC1}.Release|Any CPU.Build.0 = Release|Any CPU
	EndGlobalSection
	GlobalSection(SolutionProperties) = preSolution
		HideSolutionNode = FALSE
	EndGlobalSection
	GlobalSection(ExtensibilityGlobals) = postSolution
		SolutionGuid = {8B3A642B-6C5A-4684-8C07-CB66EAE023CB}
	EndGlobalSection
EndGlobal
